
Microsoft Visual Studio Solution File, Format Version 12.00
# Visual Studio 15
VisualStudioVersion = 15.0.26124.0
MinimumVisualStudioVersion = 15.0.26124.0
Project("{2150E333-8FDC-42A3-9474-1A3956D46DE8}") = "src", "src", "{D350EC1C-C49F-4EB9-93D7-C7FA3F72999F}"
EndProject
Project("{FAE04EC0-301F-11D3-BF4B-00C04F79EFBC}") = "GradeBook", "src\GradeBook\GradeBook.csproj", "{1795586B-3205-4662-8DFD-B7D903332B55}"
EndProject
Project("{2150E333-8FDC-42A3-9474-1A3956D46DE8}") = "test", "test", "{5B86A69E-8C0D-4F92-86D0-04F31433C6C7}"
EndProject
Project("{FAE04EC0-301F-11D3-BF4B-00C04F79EFBC}") = "GradeBook.Tests", "test\GradeBook.Tests\GradeBook.Tests.csproj", "{02812DF0-60E5-488D-A19C-6A4F59E66191}"
EndProject
Global
	GlobalSection(SolutionConfigurationPlatforms) = preSolution
		Debug|Any CPU = Debug|Any CPU
		Debug|x64 = Debug|x64
		Debug|x86 = Debug|x86
		Release|Any CPU = Release|Any CPU
		Release|x64 = Release|x64
		Release|x86 = Release|x86
	EndGlobalSection
	GlobalSection(SolutionProperties) = preSolution
		HideSolutionNode = FALSE
	EndGlobalSection
	GlobalSection(ProjectConfigurationPlatforms) = postSolution
		{1795586B-3205-4662-8DFD-B7D903332B55}.Debug|Any CPU.ActiveCfg = Debug|Any CPU
		{1795586B-3205-4662-8DFD-B7D903332B55}.Debug|Any CPU.Build.0 = Debug|Any CPU
		{1795586B-3205-4662-8DFD-B7D903332B55}.Debug|x64.ActiveCfg = Debug|Any CPU
		{1795586B-3205-4662-8DFD-B7D903332B55}.Debug|x64.Build.0 = Debug|Any CPU
		{1795586B-3205-4662-8DFD-B7D903332B55}.Debug|x86.ActiveCfg = Debug|Any CPU
		{1795586B-3205-4662-8DFD-B7D903332B55}.Debug|x86.Build.0 = Debug|Any CPU
		{1795586B-3205-4662-8DFD-B7D903332B55}.Release|Any CPU.ActiveCfg = Release|Any CPU
		{1795586B-3205-4662-8DFD-B7D903332B55}.Release|Any CPU.Build.0 = Release|Any CPU
		{1795586B-3205-4662-8DFD-B7D903332B55}.Release|x64.ActiveCfg = Release|Any CPU
		{1795586B-3205-4662-8DFD-B7D903332B55}.Release|x64.Build.0 = Release|Any CPU
		{1795586B-3205-4662-8DFD-B7D903332B55}.Release|x86.ActiveCfg = Release|Any CPU
		{1795586B-3205-4662-8DFD-B7D903332B55}.Release|x86.Build.0 = Release|Any CPU
		{02812DF0-60E5-488D-A19C-6A4F59E66191}.Debug|Any CPU.ActiveCfg = Debug|Any CPU
		{02812DF0-60E5-488D-A19C-6A4F59E66191}.Debug|Any CPU.Build.0 = Debug|Any CPU
		{02812DF0-60E5-488D-A19C-6A4F59E66191}.Debug|x64.ActiveCfg = Debug|Any CPU
		{02812DF0-60E5-488D-A19C-6A4F59E66191}.Debug|x64.Build.0 = Debug|Any CPU
		{02812DF0-60E5-488D-A19C-6A4F59E66191}.Debug|x86.ActiveCfg = Debug|Any CPU
		{02812DF0-60E5-488D-A19C-6A4F59E66191}.Debug|x86.Build.0 = Debug|Any CPU
		{02812DF0-60E5-488D-A19C-6A4F59E66191}.Release|Any CPU.ActiveCfg = Release|Any CPU
		{02812DF0-60E5-488D-A19C-6A4F59E66191}.Release|Any CPU.Build.0 = Release|Any CPU
		{02812DF0-60E5-488D-A19C-6A4F59E66191}.Release|x64.ActiveCfg = Release|Any CPU
		{02812DF0-60E5-488D-A19C-6A4F59E66191}.Release|x64.Build.0 = Release|Any CPU
		{02812DF0-60E5-488D-A19C-6A4F59E66191}.Release|x86.ActiveCfg = Release|Any CPU
		{02812DF0-60E5-488D-A19C-6A4F59E66191}.Release|x86.Build.0 = Release|Any CPU
	EndGlobalSection
	GlobalSection(NestedProjects) = preSolution
		{1795586B-3205-4662-8DFD-B7D903332B55} = {D350EC1C-C49F-4EB9-93D7-C7FA3F72999F}
		{02812DF0-60E5-488D-A19C-6A4F59E66191} = {5B86A69E-8C0D-4F92-86D0-04F31433C6C7}
	EndGlobalSection
EndGlobal
